
Microsoft Visual Studio Solution File, Format Version 12.00
# Visual Studio 2012
Project("{FAE04EC0-301F-11D3-BF4B-00C04F79EFBC}") = "Quartz.Console", "Quartz.Console\Quartz.Console.csproj", "{89920227-55EF-4A95-9EBC-0F522681416B}"
EndProject
Project("{FAE04EC0-301F-11D3-BF4B-00C04F79EFBC}") = "Quartz.Web", "Quartz.Web\Quartz.Web.csproj", "{00AB9D42-6966-4F6C-A643-F704ADA00812}"
EndProject
Project("{FAE04EC0-301F-11D3-BF4B-00C04F79EFBC}") = "IScheduler.ScheduleJob", "IScheduler.ScheduleJob\IScheduler.ScheduleJob.csproj", "{52A56C76-FE6F-4F4A-842A-4AC97F0502BC}"
EndProject
Project("{FAE04EC0-301F-11D3-BF4B-00C04F79EFBC}") = "Quartz.Consoles", "Quartz.Consoles\Quartz.Consoles.csproj", "{F7F26521-0FE4-43E3-BDDC-F13F3E8287E9}"
EndProject
Project("{FAE04EC0-301F-11D3-BF4B-00C04F79EFBC}") = "Quartz.Entity", "Quartz.Entity\Quartz.Entity.csproj", "{4884D4AE-EE6D-4602-B4EF-FA11C4142546}"
EndProject
Project("{FAE04EC0-301F-11D3-BF4B-00C04F79EFBC}") = "Senparc.Weixin.BLL", "Senparc.Weixin.BLL\Senparc.Weixin.BLL.csproj", "{1E61C688-2D75-4645-ABCA-9101962B9B35}"
EndProject
Project("{FAE04EC0-301F-11D3-BF4B-00C04F79EFBC}") = "Senparc.Weixin.DAL", "Senparc.Weixin.DAL\Senparc.Weixin.DAL.csproj", "{8A29E084-FF61-49CC-8880-FFCAE12BAE35}"
EndProject
Project("{FAE04EC0-301F-11D3-BF4B-00C04F79EFBC}") = "Senparc.Weixin.IBLL", "Senparc.Weixin.IBLL\Senparc.Weixin.IBLL.csproj", "{0BC14F4C-D705-4526-983B-19F78098F130}"
EndProject
Project("{FAE04EC0-301F-11D3-BF4B-00C04F79EFBC}") = "Senparc.Weixin.IDAL", "Senparc.Weixin.IDAL\Senparc.Weixin.IDAL.csproj", "{0721B979-013B-4EBE-882C-4251EE07E01E}"
EndProject
Project("{FAE04EC0-301F-11D3-BF4B-00C04F79EFBC}") = "Quartz.WcfService", "Quartz.WcfService\Quartz.WcfService.csproj", "{90066C7C-7317-47BD-8B44-5A46AF59A96A}"
EndProject
Project("{FAE04EC0-301F-11D3-BF4B-00C04F79EFBC}") = "Quartz.SendMsgSerives", "Quartz.SendMsgSerives\Quartz.SendMsgSerives.csproj", "{1FA3E584-7B66-4391-8E94-F6997B290C96}"
EndProject
Project("{FAE04EC0-301F-11D3-BF4B-00C04F79EFBC}") = "Quartz.WindowsForms", "Quartz.WindowsForms\Quartz.WindowsForms.csproj", "{0BE9A040-2751-4183-9A27-6A652AC1984A}"
EndProject
Project("{6141683F-8A12-4E36-9623-2EB02B2C2303}") = "Quartz.WindowsForms.Setup", "Quartz.WindowsForms.Setup\Quartz.WindowsForms.Setup.isproj", "{7B91C05F-3B09-49E5-89E2-53F1AE7350DD}"
EndProject
Project("{6141683F-8A12-4E36-9623-2EB02B2C2303}") = "Quartz.SendMsgSerives.Setup", "Quartz.SendMsgSerives.Setup\Quartz.SendMsgSerives.Setup.isproj", "{97E970CF-C548-401D-AD94-C67EEFC1C744}"
EndProject
Project("{6141683F-8A12-4E36-9623-2EB02B2C2303}") = "SQuartz.Console.setup", "SQuartz.Console.setup\SQuartz.Console.setup.isproj", "{26CBA88C-BE4F-4078-A733-9A328561ED7E}"
	ProjectSection(ProjectDependencies) = postProject
		{89920227-55EF-4A95-9EBC-0F522681416B} = {89920227-55EF-4A95-9EBC-0F522681416B}
	EndProjectSection
EndProject
Project("{FAE04EC0-301F-11D3-BF4B-00C04F79EFBC}") = "Senparc.Joson.WindowsForms", "Senparc.Joson.WindowsForms\Senparc.Joson.WindowsForms.csproj", "{EFAB3E44-F421-403D-B426-B5E79963904B}"
EndProject
Project("{FAE04EC0-301F-11D3-BF4B-00C04F79EFBC}") = "Senparc.Joson.WindowsForm", "Senparc.Joson.WindowsForm\Senparc.Joson.WindowsForm.csproj", "{6A2F522A-D7DB-4431-9BC7-BDC5438510AD}"
EndProject
Project("{FAE04EC0-301F-11D3-BF4B-00C04F79EFBC}") = "Thread.Console", "Thread.Console\Thread.Console.csproj", "{F00A7BC5-28C2-4481-B1EC-C8D001071903}"
EndProject
Project("{FAE04EC0-301F-11D3-BF4B-00C04F79EFBC}") = "Quartz.Services.Setup", "Quartz.Services.Setup\Quartz.Services.Setup.csproj", "{82951B52-86CA-4876-A017-D4F16B971FDA}"
EndProject
Global
	GlobalSection(SolutionConfigurationPlatforms) = preSolution
		CD_ROM|Any CPU = CD_ROM|Any CPU
		Debug|Any CPU = Debug|Any CPU
		DVD-5|Any CPU = DVD-5|Any CPU
		Release|Any CPU = Release|Any CPU
		SingleImage|Any CPU = SingleImage|Any CPU
	EndGlobalSection
	GlobalSection(ProjectConfigurationPlatforms) = postSolution
		{89920227-55EF-4A95-9EBC-0F522681416B}.CD_ROM|Any CPU.ActiveCfg = Release|Any CPU
		{89920227-55EF-4A95-9EBC-0F522681416B}.CD_ROM|Any CPU.Build.0 = Release|Any CPU
		{89920227-55EF-4A95-9EBC-0F522681416B}.Debug|Any CPU.ActiveCfg = Debug|Any CPU
		{89920227-55EF-4A95-9EBC-0F522681416B}.Debug|Any CPU.Build.0 = Debug|Any CPU
		{89920227-55EF-4A95-9EBC-0F522681416B}.DVD-5|Any CPU.ActiveCfg = Debug|Any CPU
		{89920227-55EF-4A95-9EBC-0F522681416B}.DVD-5|Any CPU.Build.0 = Debug|Any CPU
		{89920227-55EF-4A95-9EBC-0F522681416B}.Release|Any CPU.ActiveCfg = Release|Any CPU
		{89920227-55EF-4A95-9EBC-0F522681416B}.Release|Any CPU.Build.0 = Release|Any CPU
		{89920227-55EF-4A95-9EBC-0F522681416B}.SingleImage|Any CPU.ActiveCfg = Release|Any CPU
		{89920227-55EF-4A95-9EBC-0F522681416B}.SingleImage|Any CPU.Build.0 = Release|Any CPU
		{00AB9D42-6966-4F6C-A643-F704ADA00812}.CD_ROM|Any CPU.ActiveCfg = Release|Any CPU
		{00AB9D42-6966-4F6C-A643-F704ADA00812}.CD_ROM|Any CPU.Build.0 = Release|Any CPU
		{00AB9D42-6966-4F6C-A643-F704ADA00812}.Debug|Any CPU.ActiveCfg = Debug|Any CPU
		{00AB9D42-6966-4F6C-A643-F704ADA00812}.Debug|Any CPU.Build.0 = Debug|Any CPU
		{00AB9D42-6966-4F6C-A643-F704ADA00812}.DVD-5|Any CPU.ActiveCfg = Debug|Any CPU
		{00AB9D42-6966-4F6C-A643-F704ADA00812}.DVD-5|Any CPU.Build.0 = Debug|Any CPU
		{00AB9D42-6966-4F6C-A643-F704ADA00812}.Release|Any CPU.ActiveCfg = Release|Any CPU
		{00AB9D42-6966-4F6C-A643-F704ADA00812}.Release|Any CPU.Build.0 = Release|Any CPU
		{00AB9D42-6966-4F6C-A643-F704ADA00812}.SingleImage|Any CPU.ActiveCfg = Release|Any CPU
		{00AB9D42-6966-4F6C-A643-F704ADA00812}.SingleImage|Any CPU.Build.0 = Release|Any CPU
		{52A56C76-FE6F-4F4A-842A-4AC97F0502BC}.CD_ROM|Any CPU.ActiveCfg = Release|Any CPU
		{52A56C76-FE6F-4F4A-842A-4AC97F0502BC}.CD_ROM|Any CPU.Build.0 = Release|Any CPU
		{52A56C76-FE6F-4F4A-842A-4AC97F0502BC}.Debug|Any CPU.ActiveCfg = Debug|Any CPU
		{52A56C76-FE6F-4F4A-842A-4AC97F0502BC}.Debug|Any CPU.Build.0 = Debug|Any CPU
		{52A56C76-FE6F-4F4A-842A-4AC97F0502BC}.DVD-5|Any CPU.ActiveCfg = Debug|Any CPU
		{52A56C76-FE6F-4F4A-842A-4AC97F0502BC}.DVD-5|Any CPU.Build.0 = Debug|Any CPU
		{52A56C76-FE6F-4F4A-842A-4AC97F0502BC}.Release|Any CPU.ActiveCfg = Release|Any CPU
		{52A56C76-FE6F-4F4A-842A-4AC97F0502BC}.Release|Any CPU.Build.0 = Release|Any CPU
		{52A56C76-FE6F-4F4A-842A-4AC97F0502BC}.SingleImage|Any CPU.ActiveCfg = Release|Any CPU
		{52A56C76-FE6F-4F4A-842A-4AC97F0502BC}.SingleImage|Any CPU.Build.0 = Release|Any CPU
		{F7F26521-0FE4-43E3-BDDC-F13F3E8287E9}.CD_ROM|Any CPU.ActiveCfg = Release|Any CPU
		{F7F26521-0FE4-43E3-BDDC-F13F3E8287E9}.CD_ROM|Any CPU.Build.0 = Release|Any CPU
		{F7F26521-0FE4-43E3-BDDC-F13F3E8287E9}.Debug|Any CPU.ActiveCfg = Debug|Any CPU
		{F7F26521-0FE4-43E3-BDDC-F13F3E8287E9}.Debug|Any CPU.Build.0 = Debug|Any CPU
		{F7F26521-0FE4-43E3-BDDC-F13F3E8287E9}.DVD-5|Any CPU.ActiveCfg = Debug|Any CPU
		{F7F26521-0FE4-43E3-BDDC-F13F3E8287E9}.DVD-5|Any CPU.Build.0 = Debug|Any CPU
		{F7F26521-0FE4-43E3-BDDC-F13F3E8287E9}.Release|Any CPU.ActiveCfg = Release|Any CPU
		{F7F26521-0FE4-43E3-BDDC-F13F3E8287E9}.Release|Any CPU.Build.0 = Release|Any CPU
		{F7F26521-0FE4-43E3-BDDC-F13F3E8287E9}.SingleImage|Any CPU.ActiveCfg = Release|Any CPU
		{F7F26521-0FE4-43E3-BDDC-F13F3E8287E9}.SingleImage|Any CPU.Build.0 = Release|Any CPU
		{4884D4AE-EE6D-4602-B4EF-FA11C4142546}.CD_ROM|Any CPU.ActiveCfg = Release|Any CPU
		{4884D4AE-EE6D-4602-B4EF-FA11C4142546}.CD_ROM|Any CPU.Build.0 = Release|Any CPU
		{4884D4AE-EE6D-4602-B4EF-FA11C4142546}.Debug|Any CPU.ActiveCfg = Debug|Any CPU
		{4884D4AE-EE6D-4602-B4EF-FA11C4142546}.Debug|Any CPU.Build.0 = Debug|Any CPU
		{4884D4AE-EE6D-4602-B4EF-FA11C4142546}.DVD-5|Any CPU.ActiveCfg = Debug|Any CPU
		{4884D4AE-EE6D-4602-B4EF-FA11C4142546}.DVD-5|Any CPU.Build.0 = Debug|Any CPU
		{4884D4AE-EE6D-4602-B4EF-FA11C4142546}.Release|Any CPU.ActiveCfg = Release|Any CPU
		{4884D4AE-EE6D-4602-B4EF-FA11C4142546}.Release|Any CPU.Build.0 = Release|Any CPU
		{4884D4AE-EE6D-4602-B4EF-FA11C4142546}.SingleImage|Any CPU.ActiveCfg = Release|Any CPU
		{4884D4AE-EE6D-4602-B4EF-FA11C4142546}.SingleImage|Any CPU.Build.0 = Release|Any CPU
		{1E61C688-2D75-4645-ABCA-9101962B9B35}.CD_ROM|Any CPU.ActiveCfg = Release|Any CPU
		{1E61C688-2D75-4645-ABCA-9101962B9B35}.CD_ROM|Any CPU.Build.0 = Release|Any CPU
		{1E61C688-2D75-4645-ABCA-9101962B9B35}.Debug|Any CPU.ActiveCfg = Debug|Any CPU
		{1E61C688-2D75-4645-ABCA-9101962B9B35}.Debug|Any CPU.Build.0 = Debug|Any CPU
		{1E61C688-2D75-4645-ABCA-9101962B9B35}.DVD-5|Any CPU.ActiveCfg = Debug|Any CPU
		{1E61C688-2D75-4645-ABCA-9101962B9B35}.DVD-5|Any CPU.Build.0 = Debug|Any CPU
		{1E61C688-2D75-4645-ABCA-9101962B9B35}.Release|Any CPU.ActiveCfg = Release|Any CPU
		{1E61C688-2D75-4645-ABCA-9101962B9B35}.Release|Any CPU.Build.0 = Release|Any CPU
		{1E61C688-2D75-4645-ABCA-9101962B9B35}.SingleImage|Any CPU.ActiveCfg = Release|Any CPU
		{1E61C688-2D75-4645-ABCA-9101962B9B35}.SingleImage|Any CPU.Build.0 = Release|Any CPU
		{8A29E084-FF61-49CC-8880-FFCAE12BAE35}.CD_ROM|Any CPU.ActiveCfg = Release|Any CPU
		{8A29E084-FF61-49CC-8880-FFCAE12BAE35}.CD_ROM|Any CPU.Build.0 = Release|Any CPU
		{8A29E084-FF61-49CC-8880-FFCAE12BAE35}.Debug|Any CPU.ActiveCfg = Debug|Any CPU
		{8A29E084-FF61-49CC-8880-FFCAE12BAE35}.Debug|Any CPU.Build.0 = Debug|Any CPU
		{8A29E084-FF61-49CC-8880-FFCAE12BAE35}.DVD-5|Any CPU.ActiveCfg = Debug|Any CPU
		{8A29E084-FF61-49CC-8880-FFCAE12BAE35}.DVD-5|Any CPU.Build.0 = Debug|Any CPU
		{8A29E084-FF61-49CC-8880-FFCAE12BAE35}.Release|Any CPU.ActiveCfg = Release|Any CPU
		{8A29E084-FF61-49CC-8880-FFCAE12BAE35}.Release|Any CPU.Build.0 = Release|Any CPU
		{8A29E084-FF61-49CC-8880-FFCAE12BAE35}.SingleImage|Any CPU.ActiveCfg = Release|Any CPU
		{8A29E084-FF61-49CC-8880-FFCAE12BAE35}.SingleImage|Any CPU.Build.0 = Release|Any CPU
		{0BC14F4C-D705-4526-983B-19F78098F130}.CD_ROM|Any CPU.ActiveCfg = Release|Any CPU
		{0BC14F4C-D705-4526-983B-19F78098F130}.CD_ROM|Any CPU.Build.0 = Release|Any CPU
		{0BC14F4C-D705-4526-983B-19F78098F130}.Debug|Any CPU.ActiveCfg = Debug|Any CPU
		{0BC14F4C-D705-4526-983B-19F78098F130}.Debug|Any CPU.Build.0 = Debug|Any CPU
		{0BC14F4C-D705-4526-983B-19F78098F130}.DVD-5|Any CPU.ActiveCfg = Debug|Any CPU
		{0BC14F4C-D705-4526-983B-19F78098F130}.DVD-5|Any CPU.Build.0 = Debug|Any CPU
		{0BC14F4C-D705-4526-983B-19F78098F130}.Release|Any CPU.ActiveCfg = Release|Any CPU
		{0BC14F4C-D705-4526-983B-19F78098F130}.Release|Any CPU.Build.0 = Release|Any CPU
		{0BC14F4C-D705-4526-983B-19F78098F130}.SingleImage|Any CPU.ActiveCfg = Release|Any CPU
		{0BC14F4C-D705-4526-983B-19F78098F130}.SingleImage|Any CPU.Build.0 = Release|Any CPU
		{0721B979-013B-4EBE-882C-4251EE07E01E}.CD_ROM|Any CPU.ActiveCfg = Release|Any CPU
		{0721B979-013B-4EBE-882C-4251EE07E01E}.CD_ROM|Any CPU.Build.0 = Release|Any CPU
		{0721B979-013B-4EBE-882C-4251EE07E01E}.Debug|Any CPU.ActiveCfg = Debug|Any CPU
		{0721B979-013B-4EBE-882C-4251EE07E01E}.Debug|Any CPU.Build.0 = Debug|Any CPU
		{0721B979-013B-4EBE-882C-4251EE07E01E}.DVD-5|Any CPU.ActiveCfg = Debug|Any CPU
		{0721B979-013B-4EBE-882C-4251EE07E01E}.DVD-5|Any CPU.Build.0 = Debug|Any CPU
		{0721B979-013B-4EBE-882C-4251EE07E01E}.Release|Any CPU.ActiveCfg = Release|Any CPU
		{0721B979-013B-4EBE-882C-4251EE07E01E}.Release|Any CPU.Build.0 = Release|Any CPU
		{0721B979-013B-4EBE-882C-4251EE07E01E}.SingleImage|Any CPU.ActiveCfg = Release|Any CPU
		{0721B979-013B-4EBE-882C-4251EE07E01E}.SingleImage|Any CPU.Build.0 = Release|Any CPU
		{90066C7C-7317-47BD-8B44-5A46AF59A96A}.CD_ROM|Any CPU.ActiveCfg = Release|Any CPU
		{90066C7C-7317-47BD-8B44-5A46AF59A96A}.CD_ROM|Any CPU.Build.0 = Release|Any CPU
		{90066C7C-7317-47BD-8B44-5A46AF59A96A}.Debug|Any CPU.ActiveCfg = Debug|Any CPU
		{90066C7C-7317-47BD-8B44-5A46AF59A96A}.Debug|Any CPU.Build.0 = Debug|Any CPU
		{90066C7C-7317-47BD-8B44-5A46AF59A96A}.DVD-5|Any CPU.ActiveCfg = Debug|Any CPU
		{90066C7C-7317-47BD-8B44-5A46AF59A96A}.DVD-5|Any CPU.Build.0 = Debug|Any CPU
		{90066C7C-7317-47BD-8B44-5A46AF59A96A}.Release|Any CPU.ActiveCfg = Release|Any CPU
		{90066C7C-7317-47BD-8B44-5A46AF59A96A}.Release|Any CPU.Build.0 = Release|Any CPU
		{90066C7C-7317-47BD-8B44-5A46AF59A96A}.SingleImage|Any CPU.ActiveCfg = Release|Any CPU
		{90066C7C-7317-47BD-8B44-5A46AF59A96A}.SingleImage|Any CPU.Build.0 = Release|Any CPU
		{1FA3E584-7B66-4391-8E94-F6997B290C96}.CD_ROM|Any CPU.ActiveCfg = Release|Any CPU
		{1FA3E584-7B66-4391-8E94-F6997B290C96}.CD_ROM|Any CPU.Build.0 = Release|Any CPU
		{1FA3E584-7B66-4391-8E94-F6997B290C96}.Debug|Any CPU.ActiveCfg = Debug|Any CPU
		{1FA3E584-7B66-4391-8E94-F6997B290C96}.Debug|Any CPU.Build.0 = Debug|Any CPU
		{1FA3E584-7B66-4391-8E94-F6997B290C96}.DVD-5|Any CPU.ActiveCfg = Debug|Any CPU
		{1FA3E584-7B66-4391-8E94-F6997B290C96}.DVD-5|Any CPU.Build.0 = Debug|Any CPU
		{1FA3E584-7B66-4391-8E94-F6997B290C96}.Release|Any CPU.ActiveCfg = Release|Any CPU
		{1FA3E584-7B66-4391-8E94-F6997B290C96}.Release|Any CPU.Build.0 = Release|Any CPU
		{1FA3E584-7B66-4391-8E94-F6997B290C96}.SingleImage|Any CPU.ActiveCfg = Release|Any CPU
		{1FA3E584-7B66-4391-8E94-F6997B290C96}.SingleImage|Any CPU.Build.0 = Release|Any CPU
		{0BE9A040-2751-4183-9A27-6A652AC1984A}.CD_ROM|Any CPU.ActiveCfg = Release|Any CPU
		{0BE9A040-2751-4183-9A27-6A652AC1984A}.CD_ROM|Any CPU.Build.0 = Release|Any CPU
		{0BE9A040-2751-4183-9A27-6A652AC1984A}.Debug|Any CPU.ActiveCfg = Debug|Any CPU
		{0BE9A040-2751-4183-9A27-6A652AC1984A}.Debug|Any CPU.Build.0 = Debug|Any CPU
		{0BE9A040-2751-4183-9A27-6A652AC1984A}.DVD-5|Any CPU.ActiveCfg = Debug|Any CPU
		{0BE9A040-2751-4183-9A27-6A652AC1984A}.DVD-5|Any CPU.Build.0 = Debug|Any CPU
		{0BE9A040-2751-4183-9A27-6A652AC1984A}.Release|Any CPU.ActiveCfg = Release|Any CPU
		{0BE9A040-2751-4183-9A27-6A652AC1984A}.Release|Any CPU.Build.0 = Release|Any CPU
		{0BE9A040-2751-4183-9A27-6A652AC1984A}.SingleImage|Any CPU.ActiveCfg = Release|Any CPU
		{0BE9A040-2751-4183-9A27-6A652AC1984A}.SingleImage|Any CPU.Build.0 = Release|Any CPU
		{7B91C05F-3B09-49E5-89E2-53F1AE7350DD}.CD_ROM|Any CPU.ActiveCfg = CD_ROM
		{7B91C05F-3B09-49E5-89E2-53F1AE7350DD}.CD_ROM|Any CPU.Build.0 = CD_ROM
		{7B91C05F-3B09-49E5-89E2-53F1AE7350DD}.Debug|Any CPU.ActiveCfg = DVD-5
		{7B91C05F-3B09-49E5-89E2-53F1AE7350DD}.Debug|Any CPU.Build.0 = DVD-5
		{7B91C05F-3B09-49E5-89E2-53F1AE7350DD}.DVD-5|Any CPU.ActiveCfg = DVD-5
		{7B91C05F-3B09-49E5-89E2-53F1AE7350DD}.DVD-5|Any CPU.Build.0 = DVD-5
		{7B91C05F-3B09-49E5-89E2-53F1AE7350DD}.Release|Any CPU.ActiveCfg = SingleImage
		{7B91C05F-3B09-49E5-89E2-53F1AE7350DD}.Release|Any CPU.Build.0 = SingleImage
		{7B91C05F-3B09-49E5-89E2-53F1AE7350DD}.SingleImage|Any CPU.ActiveCfg = SingleImage
		{7B91C05F-3B09-49E5-89E2-53F1AE7350DD}.SingleImage|Any CPU.Build.0 = SingleImage
		{97E970CF-C548-401D-AD94-C67EEFC1C744}.CD_ROM|Any CPU.ActiveCfg = CD_ROM
		{97E970CF-C548-401D-AD94-C67EEFC1C744}.CD_ROM|Any CPU.Build.0 = CD_ROM
		{97E970CF-C548-401D-AD94-C67EEFC1C744}.Debug|Any CPU.ActiveCfg = DVD-5
		{97E970CF-C548-401D-AD94-C67EEFC1C744}.Debug|Any CPU.Build.0 = DVD-5
		{97E970CF-C548-401D-AD94-C67EEFC1C744}.DVD-5|Any CPU.ActiveCfg = DVD-5
		{97E970CF-C548-401D-AD94-C67EEFC1C744}.DVD-5|Any CPU.Build.0 = DVD-5
		{97E970CF-C548-401D-AD94-C67EEFC1C744}.Release|Any CPU.ActiveCfg = SingleImage
		{97E970CF-C548-401D-AD94-C67EEFC1C744}.Release|Any CPU.Build.0 = SingleImage
		{97E970CF-C548-401D-AD94-C67EEFC1C744}.SingleImage|Any CPU.ActiveCfg = SingleImage
		{97E970CF-C548-401D-AD94-C67EEFC1C744}.SingleImage|Any CPU.Build.0 = SingleImage
		{26CBA88C-BE4F-4078-A733-9A328561ED7E}.CD_ROM|Any CPU.ActiveCfg = CD_ROM
		{26CBA88C-BE4F-4078-A733-9A328561ED7E}.CD_ROM|Any CPU.Build.0 = CD_ROM
		{26CBA88C-BE4F-4078-A733-9A328561ED7E}.Debug|Any CPU.ActiveCfg = DVD-5
		{26CBA88C-BE4F-4078-A733-9A328561ED7E}.Debug|Any CPU.Build.0 = DVD-5
		{26CBA88C-BE4F-4078-A733-9A328561ED7E}.DVD-5|Any CPU.ActiveCfg = DVD-5
		{26CBA88C-BE4F-4078-A733-9A328561ED7E}.DVD-5|Any CPU.Build.0 = DVD-5
		{26CBA88C-BE4F-4078-A733-9A328561ED7E}.Release|Any CPU.ActiveCfg = SingleImage
		{26CBA88C-BE4F-4078-A733-9A328561ED7E}.Release|Any CPU.Build.0 = SingleImage
		{26CBA88C-BE4F-4078-A733-9A328561ED7E}.SingleImage|Any CPU.ActiveCfg = SingleImage
		{26CBA88C-BE4F-4078-A733-9A328561ED7E}.SingleImage|Any CPU.Build.0 = SingleImage
		{EFAB3E44-F421-403D-B426-B5E79963904B}.CD_ROM|Any CPU.ActiveCfg = Release|Any CPU
		{EFAB3E44-F421-403D-B426-B5E79963904B}.CD_ROM|Any CPU.Build.0 = Release|Any CPU
		{EFAB3E44-F421-403D-B426-B5E79963904B}.Debug|Any CPU.ActiveCfg = Debug|Any CPU
		{EFAB3E44-F421-403D-B426-B5E79963904B}.Debug|Any CPU.Build.0 = Debug|Any CPU
		{EFAB3E44-F421-403D-B426-B5E79963904B}.DVD-5|Any CPU.ActiveCfg = Debug|Any CPU
		{EFAB3E44-F421-403D-B426-B5E79963904B}.DVD-5|Any CPU.Build.0 = Debug|Any CPU
		{EFAB3E44-F421-403D-B426-B5E79963904B}.Release|Any CPU.ActiveCfg = Release|Any CPU
		{EFAB3E44-F421-403D-B426-B5E79963904B}.Release|Any CPU.Build.0 = Release|Any CPU
		{EFAB3E44-F421-403D-B426-B5E79963904B}.SingleImage|Any CPU.ActiveCfg = Release|Any CPU
		{EFAB3E44-F421-403D-B426-B5E79963904B}.SingleImage|Any CPU.Build.0 = Release|Any CPU
		{6A2F522A-D7DB-4431-9BC7-BDC5438510AD}.CD_ROM|Any CPU.ActiveCfg = Release|Any CPU
		{6A2F522A-D7DB-4431-9BC7-BDC5438510AD}.CD_ROM|Any CPU.Build.0 = Release|Any CPU
		{6A2F522A-D7DB-4431-9BC7-BDC5438510AD}.Debug|Any CPU.ActiveCfg = Debug|Any CPU
		{6A2F522A-D7DB-4431-9BC7-BDC5438510AD}.Debug|Any CPU.Build.0 = Debug|Any CPU
		{6A2F522A-D7DB-4431-9BC7-BDC5438510AD}.DVD-5|Any CPU.ActiveCfg = Debug|Any CPU
		{6A2F522A-D7DB-4431-9BC7-BDC5438510AD}.DVD-5|Any CPU.Build.0 = Debug|Any CPU
		{6A2F522A-D7DB-4431-9BC7-BDC5438510AD}.Release|Any CPU.ActiveCfg = Release|Any CPU
		{6A2F522A-D7DB-4431-9BC7-BDC5438510AD}.Release|Any CPU.Build.0 = Release|Any CPU
		{6A2F522A-D7DB-4431-9BC7-BDC5438510AD}.SingleImage|Any CPU.ActiveCfg = Release|Any CPU
		{6A2F522A-D7DB-4431-9BC7-BDC5438510AD}.SingleImage|Any CPU.Build.0 = Release|Any CPU
		{F00A7BC5-28C2-4481-B1EC-C8D001071903}.CD_ROM|Any CPU.ActiveCfg = Release|Any CPU
		{F00A7BC5-28C2-4481-B1EC-C8D001071903}.CD_ROM|Any CPU.Build.0 = Release|Any CPU
		{F00A7BC5-28C2-4481-B1EC-C8D001071903}.Debug|Any CPU.ActiveCfg = Debug|Any CPU
		{F00A7BC5-28C2-4481-B1EC-C8D001071903}.Debug|Any CPU.Build.0 = Debug|Any CPU
		{F00A7BC5-28C2-4481-B1EC-C8D001071903}.DVD-5|Any CPU.ActiveCfg = Debug|Any CPU
		{F00A7BC5-28C2-4481-B1EC-C8D001071903}.DVD-5|Any CPU.Build.0 = Debug|Any CPU
		{F00A7BC5-28C2-4481-B1EC-C8D001071903}.Release|Any CPU.ActiveCfg = Release|Any CPU
		{F00A7BC5-28C2-4481-B1EC-C8D001071903}.Release|Any CPU.Build.0 = Release|Any CPU
		{F00A7BC5-28C2-4481-B1EC-C8D001071903}.SingleImage|Any CPU.ActiveCfg = Release|Any CPU
		{F00A7BC5-28C2-4481-B1EC-C8D001071903}.SingleImage|Any CPU.Build.0 = Release|Any CPU
		{82951B52-86CA-4876-A017-D4F16B971FDA}.CD_ROM|Any CPU.ActiveCfg = Release|Any CPU
		{82951B52-86CA-4876-A017-D4F16B971FDA}.CD_ROM|Any CPU.Build.0 = Release|Any CPU
		{82951B52-86CA-4876-A017-D4F16B971FDA}.Debug|Any CPU.ActiveCfg = Debug|Any CPU
		{82951B52-86CA-4876-A017-D4F16B971FDA}.Debug|Any CPU.Build.0 = Debug|Any CPU
		{82951B52-86CA-4876-A017-D4F16B971FDA}.DVD-5|Any CPU.ActiveCfg = Debug|Any CPU
		{82951B52-86CA-4876-A017-D4F16B971FDA}.DVD-5|Any CPU.Build.0 = Debug|Any CPU
		{82951B52-86CA-4876-A017-D4F16B971FDA}.Release|Any CPU.ActiveCfg = Release|Any CPU
		{82951B52-86CA-4876-A017-D4F16B971FDA}.Release|Any CPU.Build.0 = Release|Any CPU
		{82951B52-86CA-4876-A017-D4F16B971FDA}.SingleImage|Any CPU.ActiveCfg = Release|Any CPU
		{82951B52-86CA-4876-A017-D4F16B971FDA}.SingleImage|Any CPU.Build.0 = Release|Any CPU
	EndGlobalSection
	GlobalSection(SolutionProperties) = preSolution
		HideSolutionNode = FALSE
	EndGlobalSection
EndGlobal
